lockfileVersion: '6.0'

settings:
  autoInstallPeers: true
  excludeLinksFromLockfile: false

dependencies:
  undici:
    specifier: ^6.2.1
    version: 6.2.1

devDependencies:
  '@types/node':
    specifier: ^20.10.7
    version: 20.10.7
  typescript:
    specifier: ^5.3.3
    version: 5.3.3

packages:

  /@fastify/busboy@2.1.0:
    resolution: {integrity: sha512-+KpH+QxZU7O4675t3mnkQKcZZg56u+K/Ct2K+N2AZYNVK8kyeo/bI18tI8aPm3tvNNRyTWfj6s5tnGNlcbQRsA==}
    engines: {node: '>=14'}
    dev: false

  /@types/node@20.10.7:
    resolution: {integrity: sha512-fRbIKb8C/Y2lXxB5eVMj4IU7xpdox0Lh8bUPEdtLysaylsml1hOOx1+STloRs/B9nf7C6kPRmmg/V7aQW7usNg==}
    dependencies:
      undici-types: 5.26.5
    dev: true

  /typescript@5.3.3:
    resolution: {integrity: sha512-pXWcraxM0uxAS+tN0AG/BF2TyqmHO014Z070UsJ+pFvYuRSq8KH8DmWpnbXe0pEPDHXZV3FcAbJkijJ5oNEnWw==}
    engines: {node: '>=14.17'}
    hasBin: true
    dev: true

  /undici-types@5.26.5:
    resolution: {integrity: sha512-JlCMO+ehdEIKqlFxk6IfVoAUVmgz7cU7zD/h9XZ0qzeosSHmUJVOzSQvvYSYWXkFXC+IfLKSIffhv0sVZup6pA==}
    dev: true

  /undici@6.2.1:
    resolution: {integrity: sha512-7Wa9thEM6/LMnnKtxJHlc8SrTlDmxqJecgz1iy8KlsN0/iskQXOQCuPkrZLXbElPaSw5slFFyKIKXyJ3UtbApw==}
    engines: {node: '>=18.0'}
    dependencies:
      '@fastify/busboy': 2.1.0
    dev: false
